// !$*UTF8*$!
{
	archiveVersion = 1;
	classes = {
	};
	objectVersion = 50;
	objects = {

/* Begin PBXBuildFile section */
		55D25E2120E42622004E4304 /* AppDelegate.swift in Sources */ = {isa = PBXBuildFile; fileRef = 55D25E2020E42622004E4304 /* AppDelegate.swift */; };
		55D25E2320E42622004E4304 /* ViewController.swift in Sources */ = {isa = PBXBuildFile; fileRef = 55D25E2220E42622004E4304 /* ViewController.swift */; };
		55D25E2620E42622004E4304 /* Main.storyboard in Resources */ = {isa = PBXBuildFile; fileRef = 55D25E2420E42622004E4304 /* Main.storyboard */; };
		55D25E2820E42624004E4304 /* Assets.xcassets in Resources */ = {isa = PBXBuildFile; fileRef = 55D25E2720E42624004E4304 /* Assets.xcassets */; };
		55D25E2B20E42624004E4304 /* LaunchScreen.storyboard in Resources */ = {isa = PBXBuildFile; fileRef = 55D25E2920E42624004E4304 /* LaunchScreen.storyboard */; };
		55D25E3420E4275C004E4304 /* Post.swift in Sources */ = {isa = PBXBuildFile; fileRef = 55D25E3320E4275C004E4304 /* Post.swift */; };
		55D25E3720E44EDB004E4304 /* PostCell.swift in Sources */ = {isa = PBXBuildFile; fileRef = 55D25E3620E44EDB004E4304 /* PostCell.swift */; };
		55D25E3E20E58BFE004E4304 /* AddPostVC.swift in Sources */ = {isa = PBXBuildFile; fileRef = 55D25E3D20E58BFE004E4304 /* AddPostVC.swift */; };
/* End PBXBuildFile section */

/* Begin PBXFileReference section */
		55D25E1D20E42622004E4304 /* MyHood.app */ = {isa = PBXFileReference; explicitFileType = wrapper.application; includeInIndex = 0; path = MyHood.app; sourceTree = BUILT_PRODUCTS_DIR; };
		55D25E2020E42622004E4304 /* AppDelegate.swift */ = {isa = PBXFileReference; lastKnownFileType = sourcecode.swift; path = AppDelegate.swift; sourceTree = "<group>"; };
		55D25E2220E42622004E4304 /* ViewController.swift */ = {isa = PBXFileReference; lastKnownFileType = sourcecode.swift; path = ViewController.swift; sourceTree = "<group>"; };
		55D25E2520E42622004E4304 /* Base */ = {isa = PBXFileReference; lastKnownFileType = file.storyboard; name = Base; path = Base.lproj/Main.storyboard; sourceTree = "<group>"; };
		55D25E2720E42624004E4304 /* Assets.xcassets */ = {isa = PBXFileReference; lastKnownFileType = folder.assetcatalog; path = Assets.xcassets; sourceTree = "<group>"; };
		55D25E2A20E42624004E4304 /* Base */ = {isa = PBXFileReference; lastKnownFileType = file.storyboard; name = Base; path = Base.lproj/LaunchScreen.storyboard; sourceTree = "<group>"; };
		55D25E2C20E42624004E4304 /* Info.plist */ = {isa = PBXFileReference; lastKnownFileType = text.plist.xml; path = Info.plist; sourceTree = "<group>"; };
		55D25E3320E4275C004E4304 /* Post.swift */ = {isa = PBXFileReference; lastKnownFileType = sourcecode.swift; path = Post.swift; sourceTree = "<group>"; };
		55D25E3620E44EDB004E4304 /* PostCell.swift */ = {isa = PBXFileReference; lastKnownFileType = sourcecode.swift; path = PostCell.swift; sourceTree = "<group>"; };
		55D25E3D20E58BFE004E4304 /* AddPostVC.swift */ = {isa = PBXFileReference; lastKnownFileType = sourcecode.swift; path = AddPostVC.swift; sourceTree = "<group>"; };
/* End PBXFileReference section */

/* Begin PBXFrameworksBuildPhase section */
		55D25E1A20E42622004E4304 /* Frameworks */ = {
			isa = PBXFrameworksBuildPhase;
			buildActionMask = 2147483647;
			files = (
			);
			runOnlyForDeploymentPostprocessing = 0;
		};
/* End PBXFrameworksBuildPhase section */

/* Begin PBXGroup section */
		55D25E1420E42622004E4304 = {
			isa = PBXGroup;
			children = (
				55D25E1F20E42622004E4304 /* MyHood */,
				55D25E1E20E42622004E4304 /* Products */,
			);
			sourceTree = "<group>";
		};
		55D25E1E20E42622004E4304 /* Products */ = {
			isa = PBXGroup;
			children = (
				55D25E1D20E42622004E4304 /* MyHood.app */,
			);
			name = Products;
			sourceTree = "<group>";
		};
		55D25E1F20E42622004E4304 /* MyHood */ = {
			isa = PBXGroup;
			children = (
				55D25E3820E58B2B004E4304 /* Controller */,
				55D25E3520E44EC3004E4304 /* View */,
				55D25E3220E4274B004E4304 /* Model */,
				55D25E2020E42622004E4304 /* AppDelegate.swift */,
				55D25E2220E42622004E4304 /* ViewController.swift */,
				55D25E2420E42622004E4304 /* Main.storyboard */,
				55D25E2720E42624004E4304 /* Assets.xcassets */,
				55D25E2920E42624004E4304 /* LaunchScreen.storyboard */,
				55D25E2C20E42624004E4304 /* Info.plist */,
			);
			path = MyHood;
			sourceTree = "<group>";
		};
		55D25E3220E4274B004E4304 /* Model */ = {
			isa = PBXGroup;
			children = (
				55D25E3320E4275C004E4304 /* Post.swift */,
			);
			path = Model;
			sourceTree = "<group>";
		};
		55D25E3520E44EC3004E4304 /* View */ = {
			isa = PBXGroup;
			children = (
				55D25E3620E44EDB004E4304 /* PostCell.swift */,
			);
			path = View;
			sourceTree = "<group>";
		};
		55D25E3820E58B2B004E4304 /* Controller */ = {
			isa = PBXGroup;
			children = (
				55D25E3D20E58BFE004E4304 /* AddPostVC.swift */,
			);
			path = Controller;
			sourceTree = "<group>";
		};
/* End PBXGroup section */

/* Begin PBXNativeTarget section */
		55D25E1C20E42622004E4304 /* MyHood */ = {
			isa = PBXNativeTarget;
			buildConfigurationList = 55D25E2F20E42624004E4304 /* Build configuration list for PBXNativeTarget "MyHood" */;
			buildPhases = (
				55D25E1920E42622004E4304 /* Sources */,
				55D25E1A20E42622004E4304 /* Frameworks */,
				55D25E1B20E42622004E4304 /* Resources */,
			);
			buildRules = (
			);
			dependencies = (
			);
			name = MyHood;
			productName = MyHood;
			productReference = 55D25E1D20E42622004E4304 /* MyHood.app */;
			productType = "com.apple.product-type.application";
		};
/* End PBXNativeTarget section */

/* Begin PBXProject section */
		55D25E1520E42622004E4304 /* Project object */ = {
			isa = PBXProject;
			attributes = {
				LastSwiftUpdateCheck = 0940;
				LastUpgradeCheck = 0940;
				ORGANIZATIONNAME = "Robert Desjardins";
				TargetAttributes = {
					55D25E1C20E42622004E4304 = {
						CreatedOnToolsVersion = 9.4.1;
					};
				};
			};
			buildConfigurationList = 55D25E1820E42622004E4304 /* Build configuration list for PBXProject "MyHood" */;
			compatibilityVersion = "Xcode 9.3";
			developmentRegion = en;
			hasScannedForEncodings = 0;
			knownRegions = (
				en,
				Base,
			);
			mainGroup = 55D25E1420E42622004E4304;
			productRefGroup = 55D25E1E20E42622004E4304 /* Products */;
			projectDirPath = "";
			projectRoot = "";
			targets = (
				55D25E1C20E42622004E4304 /* MyHood */,
			);
		};
/* End PBXProject section */

/* Begin PBXResourcesBuildPhase section */
		55D25E1B20E42622004E4304 /* Resources */ = {
			isa = PBXResourcesBuildPhase;
			buildActionMask = 2147483647;
			files = (
				55D25E2B20E42624004E4304 /* LaunchScreen.storyboard in Resources */,
				55D25E2820E42624004E4304 /* Assets.xcassets in Resources */,
				55D25E2620E42622004E4304 /* Main.storyboard in Resources */,
			);
			runOnlyForDeploymentPostprocessing = 0;
		};
/* End PBXResourcesBuildPhase section */

/* Begin PBXSourcesBuildPhase section */
		55D25E1920E42622004E4304 /* Sources */ = {
			isa = PBXSourcesBuildPhase;
			buildActionMask = 2147483647;
			files = (
				55D25E3420E4275C004E4304 /* Post.swift in Sources */,
				55D25E2320E42622004E4304 /* ViewController.swift in Sources */,
				55D25E3E20E58BFE004E4304 /* AddPostVC.swift in Sources */,
				55D25E2120E42622004E4304 /* AppDelegate.swift in Sources */,
				55D25E3720E44EDB004E4304 /* PostCell.swift in Sources */,
			);
			runOnlyForDeploymentPostprocessing = 0;
		};
/* End PBXSourcesBuildPhase section */

/* Begin PBXVariantGroup section */
		55D25E2420E42622004E4304 /* Main.storyboard */ = {
			isa = PBXVariantGroup;
			children = (
				55D25E2520E42622004E4304 /* Base */,
			);
			name = Main.storyboard;
			sourceTree = "<group>";
		};
		55D25E2920E42624004E4304 /* LaunchScreen.storyboard */ = {
			isa = PBXVariantGroup;
			children = (
				55D25E2A20E42624004E4304 /* Base */,
			);
			name = LaunchScreen.storyboard;
			sourceTree = "<group>";
		};
/* End PBXVariantGroup section */

/* Begin XCBuildConfiguration section */
		55D25E2D20E42624004E4304 /* Debug */ = {
			isa = XCBuildConfiguration;
			buildSettings = {
				ALWAYS_SEARCH_USER_PATHS = NO;
				CLANG_ANALYZER_NONNULL = YES;
				CLANG_ANALYZER_NUMBER_OBJECT_CONVERSION = YES_AGGRESSIVE;
				CLANG_CXX_LANGUAGE_STANDARD = "gnu++14";
				CLANG_CXX_LIBRARY = "libc++";
				CLANG_ENABLE_MODULES = YES;
				CLANG_ENABLE_OBJC_ARC = YES;
				CLANG_ENABLE_OBJC_WEAK = YES;
				CLANG_WARN_BLOCK_CAPTURE_AUTORELEASING = YES;
				CLANG_WARN_BOOL_CONVERSION = YES;
				CLANG_WARN_COMMA = YES;
				CLANG_WARN_CONSTANT_CONVERSION = YES;
				CLANG_WARN_DEPRECATED_OBJC_IMPLEMENTATIONS = YES;
				CLANG_WARN_DIRECT_OBJC_ISA_USAGE = YES_ERROR;
				CLANG_WARN_DOCUMENTATION_COMMENTS = YES;
				CLANG_WARN_EMPTY_BODY = YES;
				CLANG_WARN_ENUM_CONVERSION = YES;
				CLANG_WARN_INFINITE_RECURSION = YES;
				CLANG_WARN_INT_CONVERSION = YES;
				CLANG_WARN_NON_LITERAL_NULL_CONVERSION = YES;
				CLANG_WARN_OBJC_IMPLICIT_RETAIN_SELF = YES;
				CLANG_WARN_OBJC_LITERAL_CONVERSION = YES;
				CLANG_WARN_OBJC_ROOT_CLASS = YES_ERROR;
				CLANG_WARN_RANGE_LOOP_ANALYSIS = YES;
				CLANG_WARN_STRICT_PROTOTYPES = YES;
				CLANG_WARN_SUSPICIOUS_MOVE = YES;
				CLANG_WARN_UNGUARDED_AVAILABILITY = YES_AGGRESSIVE;
				CLANG_WARN_UNREACHABLE_CODE = YES;
				CLANG_WARN__DUPLICATE_METHOD_MATCH = YES;
				CODE_SIGN_IDENTITY = "iPhone Developer";
				COPY_PHASE_STRIP = NO;
				DEBUG_INFORMATION_FORMAT = dwarf;
				ENABLE_STRICT_OBJC_MSGSEND = YES;
				ENABLE_TESTABILITY = YES;
				GCC_C_LANGUAGE_STANDARD = gnu11;
				GCC_DYNAMIC_NO_PIC = NO;
				GCC_NO_COMMON_BLOCKS = YES;
				GCC_OPTIMIZATION_LEVEL = 0;
				GCC_PREPROCESSOR_DEFINITIONS = (
					"DEBUG=1",
					"$(inherited)",
				);
				GCC_WARN_64_TO_32_BIT_CONVERSION = YES;
				GCC_WARN_ABOUT_RETURN_TYPE = YES_ERROR;
				GCC_WARN_UNDECLARED_SELECTOR = YES;
				GCC_WARN_UNINITIALIZED_AUTOS = YES_AGGRESSIVE;
				GCC_WARN_UNUSED_FUNCTION = YES;
				GCC_WARN_UNUSED_VARIABLE = YES;
				IPHONEOS_DEPLOYMENT_TARGET = 11.4;
				MTL_ENABLE_DEBUG_INFO = YES;
				ONLY_ACTIVE_ARCH = YES;
				SDKROOT = iphoneos;
				SWIFT_ACTIVE_COMPILATION_CONDITIONS = DEBUG;
				SWIFT_OPTIMIZATION_LEVEL = "-Onone";
			};
			name = Debug;
		};
		55D25E2E20E42624004E4304 /* Release */ = {
			isa = XCBuildConfiguration;
			buildSettings = {
				ALWAYS_SEARCH_USER_PATHS = NO;
				CLANG_ANALYZER_NONNULL = YES;
				CLANG_ANALYZER_NUMBER_OBJECT_CONVERSION = YES_AGGRESSIVE;
				CLANG_CXX_LANGUAGE_STANDARD = "gnu++14";
				CLANG_CXX_LIBRARY = "libc++";
				CLANG_ENABLE_MODULES = YES;
				CLANG_ENABLE_OBJC_ARC = YES;
				CLANG_ENABLE_OBJC_WEAK = YES;
				CLANG_WARN_BLOCK_CAPTURE_AUTORELEASING = YES;
				CLANG_WARN_BOOL_CONVERSION = YES;
				CLANG_WARN_COMMA = YES;
				CLANG_WARN_CONSTANT_CONVERSION = YES;
				CLANG_WARN_DEPRECATED_OBJC_IMPLEMENTATIONS = YES;
				CLANG_WARN_DIRECT_OBJC_ISA_USAGE = YES_ERROR;
				CLANG_WARN_DOCUMENTATION_COMMENTS = YES;
				CLANG_WARN_EMPTY_BODY = YES;
				CLANG_WARN_ENUM_CONVERSION = YES;
				CLANG_WARN_INFINITE_RECURSION = YES;
				CLANG_WARN_INT_CONVERSION = YES;
				CLANG_WARN_NON_LITERAL_NULL_CONVERSION = YES;
				CLANG_WARN_OBJC_IMPLICIT_RETAIN_SELF = YES;
				CLANG_WARN_OBJC_LITERAL_CONVERSION = YES;
				CLANG_WARN_OBJC_ROOT_CLASS = YES_ERROR;
				CLANG_WARN_RANGE_LOOP_ANALYSIS = YES;
				CLANG_WARN_STRICT_PROTOTYPES = YES;
				CLANG_WARN_SUSPICIOUS_MOVE = YES;
				CLANG_WARN_UNGUARDED_AVAILABILITY = YES_AGGRESSIVE;
				CLANG_WARN_UNREACHABLE_CODE = YES;
				CLANG_WARN__DUPLICATE_METHOD_MATCH = YES;
				CODE_SIGN_IDENTITY = "iPhone Developer";
				COPY_PHASE_STRIP = NO;
				DEBUG_INFORMATION_FORMAT = "dwarf-with-dsym";
				ENABLE_NS_ASSERTIONS = NO;
				ENABLE_STRICT_OBJC_MSGSEND = YES;
				GCC_C_LANGUAGE_STANDARD = gnu11;
				GCC_NO_COMMON_BLOCKS = YES;
				GCC_WARN_64_TO_32_BIT_CONVERSION = YES;
				GCC_WARN_ABOUT_RETURN_TYPE = YES_ERROR;
				GCC_WARN_UNDECLARED_SELECTOR = YES;
				GCC_WARN_UNINITIALIZED_AUTOS = YES_AGGRESSIVE;
				GCC_WARN_UNUSED_FUNCTION = YES;
				GCC_WARN_UNUSED_VARIABLE = YES;
				IPHONEOS_DEPLOYMENT_TARGET = 11.4;
				MTL_ENABLE_DEBUG_INFO = NO;
				SDKROOT = iphoneos;
				SWIFT_COMPILATION_MODE = wholemodule;
				SWIFT_OPTIMIZATION_LEVEL = "-O";
				VALIDATE_PRODUCT = YES;
			};
			name = Release;
		};
		55D25E3020E42624004E4304 /* Debug */ = {
			isa = XCBuildConfiguration;
			buildSettings = {
				ASSETCATALOG_COMPILER_APPICON_NAME = AppIcon;
				CODE_SIGN_STYLE = Automatic;
				DEVELOPMENT_TEAM = H2XMQZ2827;
				INFOPLIST_FILE = MyHood/Info.plist;
				LD_RUNPATH_SEARCH_PATHS = (
					"$(inherited)",
					"@executable_path/Frameworks",
				);
				PRODUCT_BUNDLE_IDENTIFIER = "Robert-Desjardins.MyHood";
				PRODUCT_NAME = "$(TARGET_NAME)";
				SWIFT_VERSION = 4.0;
				TARGETED_DEVICE_FAMILY = "1,2";
			};
			name = Debug;
		};
		55D25E3120E42624004E4304 /* Release */ = {
			isa = XCBuildConfiguration;
			buildSettings = {
				ASSETCATALOG_COMPILER_APPICON_NAME = AppIcon;
				CODE_SIGN_STYLE = Automatic;
				DEVELOPMENT_TEAM = H2XMQZ2827;
				INFOPLIST_FILE = MyHood/Info.plist;
				LD_RUNPATH_SEARCH_PATHS = (
					"$(inherited)",
					"@executable_path/Frameworks",
				);
				PRODUCT_BUNDLE_IDENTIFIER = "Robert-Desjardins.MyHood";
				PRODUCT_NAME = "$(TARGET_NAME)";
				SWIFT_VERSION = 4.0;
				TARGETED_DEVICE_FAMILY = "1,2";
			};
			name = Release;
		};
/* End XCBuildConfiguration section */

/* Begin XCConfigurationList section */
		55D25E1820E42622004E4304 /* Build configuration list for PBXProject "MyHood" */ = {
			isa = XCConfigurationList;
			buildConfigurations = (
				55D25E2D20E42624004E4304 /* Debug */,
				55D25E2E20E42624004E4304 /* Release */,
			);
			defaultConfigurationIsVisible = 0;
			defaultConfigurationName = Release;
		};
		55D25E2F20E42624004E4304 /* Build configuration list for PBXNativeTarget "MyHood" */ = {
			isa = XCConfigurationList;
			buildConfigurations = (
				55D25E3020E42624004E4304 /* Debug */,
				55D25E3120E42624004E4304 /* Release */,
			);
			defaultConfigurationIsVisible = 0;
			defaultConfigurationName = Release;
		};
/* End XCConfigurationList section */
	};
	rootObject = 55D25E1520E42622004E4304 /* Project object */;
}
